// !$*UTF8*$!
{
	archiveVersion = 1;
	classes = {
	};
	objectVersion = 50;
	objects = {

/* Begin PBXBuildFile section */
		23F51F92D2F141B5D354B25C /* Pods_MusicMemos.framework in Frameworks */ = {isa = PBXBuildFile; fileRef = 88391A0D05E531F5D44297E6 /* Pods_MusicMemos.framework */; };
		A7058CC820A7F7380060B654 /* DataManager.swift in Sources */ = {isa = PBXBuildFile; fileRef = A7058CC720A7F7380060B654 /* DataManager.swift */; };
		A78A720A20A1DAF500FF9D0B /* AppDelegate.swift in Sources */ = {isa = PBXBuildFile; fileRef = A78A720920A1DAF500FF9D0B /* AppDelegate.swift */; };
		A78A720F20A1DAF500FF9D0B /* Main.storyboard in Resources */ = {isa = PBXBuildFile; fileRef = A78A720D20A1DAF500FF9D0B /* Main.storyboard */; };
		A78A721120A1DAF700FF9D0B /* Assets.xcassets in Resources */ = {isa = PBXBuildFile; fileRef = A78A721020A1DAF700FF9D0B /* Assets.xcassets */; };
		A78A721420A1DAF700FF9D0B /* LaunchScreen.storyboard in Resources */ = {isa = PBXBuildFile; fileRef = A78A721220A1DAF700FF9D0B /* LaunchScreen.storyboard */; };
		A78A722220A1DB9600FF9D0B /* RecordingsTableViewCell.xib in Resources */ = {isa = PBXBuildFile; fileRef = A78A721B20A1DB9500FF9D0B /* RecordingsTableViewCell.xib */; };
		A78A722420A1DB9600FF9D0B /* fonts in Resources */ = {isa = PBXBuildFile; fileRef = A78A721D20A1DB9500FF9D0B /* fonts */; };
		A78A722520A1DB9600FF9D0B /* RecordButtonDelegate.swift in Sources */ = {isa = PBXBuildFile; fileRef = A78A721E20A1DB9500FF9D0B /* RecordButtonDelegate.swift */; };
		A78A722620A1DB9600FF9D0B /* AudioManager.swift in Sources */ = {isa = PBXBuildFile; fileRef = A78A721F20A1DB9500FF9D0B /* AudioManager.swift */; };
		A78A722820A1DB9600FF9D0B /* RecordingsTableViewCell.swift in Sources */ = {isa = PBXBuildFile; fileRef = A78A722120A1DB9600FF9D0B /* RecordingsTableViewCell.swift */; };
		A78A723020A1DC1A00FF9D0B /* playBtn.png in Resources */ = {isa = PBXBuildFile; fileRef = A78A722F20A1DC1A00FF9D0B /* playBtn.png */; };
		A7A992E120CADDAA000A49CD /* SCColor.swift in Sources */ = {isa = PBXBuildFile; fileRef = A7A992E020CADDAA000A49CD /* SCColor.swift */; };
		A7B8E42F20A2B7F200B11BAA /* ContainerCollectionViewController.swift in Sources */ = {isa = PBXBuildFile; fileRef = A7B8E42E20A2B7F200B11BAA /* ContainerCollectionViewController.swift */; };
		A7B8E43120A2B93D00B11BAA /* FirstCollectionViewCell.swift in Sources */ = {isa = PBXBuildFile; fileRef = A7B8E43020A2B93D00B11BAA /* FirstCollectionViewCell.swift */; };
		A7B8E43320A2B94900B11BAA /* SecondCollectionViewCell.swift in Sources */ = {isa = PBXBuildFile; fileRef = A7B8E43220A2B94900B11BAA /* SecondCollectionViewCell.swift */; };
		A7B8E43520A2B95300B11BAA /* ThirdCollectionViewCell.swift in Sources */ = {isa = PBXBuildFile; fileRef = A7B8E43420A2B95300B11BAA /* ThirdCollectionViewCell.swift */; };
		A7B8E43720A2BE1B00B11BAA /* FlowLayout.swift in Sources */ = {isa = PBXBuildFile; fileRef = A7B8E43620A2BE1B00B11BAA /* FlowLayout.swift */; };
		A7D2751020A3F7030071F5DF /* SecondCollectionViewCell.xib in Resources */ = {isa = PBXBuildFile; fileRef = A7D2750F20A3F7030071F5DF /* SecondCollectionViewCell.xib */; };
		A7D2751220A3FFAA0071F5DF /* MMConstants.swift in Sources */ = {isa = PBXBuildFile; fileRef = A7D2751120A3FFAA0071F5DF /* MMConstants.swift */; };
/* End PBXBuildFile section */

/* Begin PBXFileReference section */
		88391A0D05E531F5D44297E6 /* Pods_MusicMemos.framework */ = {isa = PBXFileReference; explicitFileType = wrapper.framework; includeInIndex = 0; path = Pods_MusicMemos.framework; sourceTree = BUILT_PRODUCTS_DIR; };
		A4E4CC8ACDC8272755DDCAA8 /* Pods-MusicMemos.debug.xcconfig */ = {isa = PBXFileReference; includeInIndex = 1; lastKnownFileType = text.xcconfig; name = "Pods-MusicMemos.debug.xcconfig"; path = "Pods/Target Support Files/Pods-MusicMemos/Pods-MusicMemos.debug.xcconfig"; sourceTree = "<group>"; };
		A7058CC720A7F7380060B654 /* DataManager.swift */ = {isa = PBXFileReference; lastKnownFileType = sourcecode.swift; path = DataManager.swift; sourceTree = "<group>"; };
		A78A720620A1DAF500FF9D0B /* MusicMemos.app */ = {isa = PBXFileReference; explicitFileType = wrapper.application; includeInIndex = 0; path = MusicMemos.app; sourceTree = BUILT_PRODUCTS_DIR; };
		A78A720920A1DAF500FF9D0B /* AppDelegate.swift */ = {isa = PBXFileReference; lastKnownFileType = sourcecode.swift; path = AppDelegate.swift; sourceTree = "<group>"; };
		A78A720E20A1DAF500FF9D0B /* Base */ = {isa = PBXFileReference; lastKnownFileType = file.storyboard; name = Base; path = Base.lproj/Main.storyboard; sourceTree = "<group>"; };
		A78A721020A1DAF700FF9D0B /* Assets.xcassets */ = {isa = PBXFileReference; lastKnownFileType = folder.assetcatalog; path = Assets.xcassets; sourceTree = "<group>"; };
		A78A721320A1DAF700FF9D0B /* Base */ = {isa = PBXFileReference; lastKnownFileType = file.storyboard; name = Base; path = Base.lproj/LaunchScreen.storyboard; sourceTree = "<group>"; };
		A78A721520A1DAF700FF9D0B /* Info.plist */ = {isa = PBXFileReference; lastKnownFileType = text.plist.xml; path = Info.plist; sourceTree = "<group>"; };
		A78A721B20A1DB9500FF9D0B /* RecordingsTableViewCell.xib */ = {isa = PBXFileReference; fileEncoding = 4; lastKnownFileType = file.xib; path = RecordingsTableViewCell.xib; sourceTree = "<group>"; };
		A78A721D20A1DB9500FF9D0B /* fonts */ = {isa = PBXFileReference; lastKnownFileType = folder; path = fonts; sourceTree = "<group>"; };
		A78A721E20A1DB9500FF9D0B /* RecordButtonDelegate.swift */ = {isa = PBXFileReference; fileEncoding = 4; lastKnownFileType = sourcecode.swift; path = RecordButtonDelegate.swift; sourceTree = "<group>"; };
		A78A721F20A1DB9500FF9D0B /* AudioManager.swift */ = {isa = PBXFileReference; fileEncoding = 4; lastKnownFileType = sourcecode.swift; path = AudioManager.swift; sourceTree = "<group>"; };
		A78A722120A1DB9600FF9D0B /* RecordingsTableViewCell.swift */ = {isa = PBXFileReference; fileEncoding = 4; lastKnownFileType = sourcecode.swift; path = RecordingsTableViewCell.swift; sourceTree = "<group>"; };
		A78A722F20A1DC1A00FF9D0B /* playBtn.png */ = {isa = PBXFileReference; lastKnownFileType = image.png; path = playBtn.png; sourceTree = "<group>"; };
		A7A992E020CADDAA000A49CD /* SCColor.swift */ = {isa = PBXFileReference; fileEncoding = 4; lastKnownFileType = sourcecode.swift; path = SCColor.swift; sourceTree = "<group>"; };
		A7B8E42E20A2B7F200B11BAA /* ContainerCollectionViewController.swift */ = {isa = PBXFileReference; lastKnownFileType = sourcecode.swift; path = ContainerCollectionViewController.swift; sourceTree = "<group>"; };
		A7B8E43020A2B93D00B11BAA /* FirstCollectionViewCell.swift */ = {isa = PBXFileReference; lastKnownFileType = sourcecode.swift; path = FirstCollectionViewCell.swift; sourceTree = "<group>"; };
		A7B8E43220A2B94900B11BAA /* SecondCollectionViewCell.swift */ = {isa = PBXFileReference; lastKnownFileType = sourcecode.swift; path = SecondCollectionViewCell.swift; sourceTree = "<group>"; };
		A7B8E43420A2B95300B11BAA /* ThirdCollectionViewCell.swift */ = {isa = PBXFileReference; lastKnownFileType = sourcecode.swift; path = ThirdCollectionViewCell.swift; sourceTree = "<group>"; };
		A7B8E43620A2BE1B00B11BAA /* FlowLayout.swift */ = {isa = PBXFileReference; fileEncoding = 4; lastKnownFileType = sourcecode.swift; path = FlowLayout.swift; sourceTree = "<group>"; };
		A7D2750F20A3F7030071F5DF /* SecondCollectionViewCell.xib */ = {isa = PBXFileReference; lastKnownFileType = file.xib; path = SecondCollectionViewCell.xib; sourceTree = "<group>"; };
		A7D2751120A3FFAA0071F5DF /* MMConstants.swift */ = {isa = PBXFileReference; lastKnownFileType = sourcecode.swift; path = MMConstants.swift; sourceTree = "<group>"; };
		A919505C60D6D3D59B8CCE93 /* Pods-MusicMemos.release.xcconfig */ = {isa = PBXFileReference; includeInIndex = 1; lastKnownFileType = text.xcconfig; name = "Pods-MusicMemos.release.xcconfig"; path = "Pods/Target Support Files/Pods-MusicMemos/Pods-MusicMemos.release.xcconfig"; sourceTree = "<group>"; };
/* End PBXFileReference section */

/* Begin PBXFrameworksBuildPhase section */
		A78A720320A1DAF500FF9D0B /* Frameworks */ = {
			isa = PBXFrameworksBuildPhase;
			buildActionMask = 2147483647;
			files = (
				23F51F92D2F141B5D354B25C /* Pods_MusicMemos.framework in Frameworks */,
			);
			runOnlyForDeploymentPostprocessing = 0;
		};
/* End PBXFrameworksBuildPhase section */

/* Begin PBXGroup section */
		27B3957F012852E44F4AA09B /* Pods */ = {
			isa = PBXGroup;
			children = (
				A4E4CC8ACDC8272755DDCAA8 /* Pods-MusicMemos.debug.xcconfig */,
				A919505C60D6D3D59B8CCE93 /* Pods-MusicMemos.release.xcconfig */,
			);
			name = Pods;
			sourceTree = "<group>";
		};
		A78A71FD20A1DAF500FF9D0B = {
			isa = PBXGroup;
			children = (
				A78A720820A1DAF500FF9D0B /* MusicMemos */,
				A78A720720A1DAF500FF9D0B /* Products */,
				27B3957F012852E44F4AA09B /* Pods */,
				C74028CD532EBD0D922BBA68 /* Frameworks */,
			);
			sourceTree = "<group>";
		};
		A78A720720A1DAF500FF9D0B /* Products */ = {
			isa = PBXGroup;
			children = (
				A78A720620A1DAF500FF9D0B /* MusicMemos.app */,
			);
			name = Products;
			sourceTree = "<group>";
		};
		A78A720820A1DAF500FF9D0B /* MusicMemos */ = {
			isa = PBXGroup;
			children = (
				A78A720D20A1DAF500FF9D0B /* Main.storyboard */,
				A7D2751120A3FFAA0071F5DF /* MMConstants.swift */,
				A78A720920A1DAF500FF9D0B /* AppDelegate.swift */,
				A7B8E43620A2BE1B00B11BAA /* FlowLayout.swift */,
				A7B8E42E20A2B7F200B11BAA /* ContainerCollectionViewController.swift */,
				A7B8E43020A2B93D00B11BAA /* FirstCollectionViewCell.swift */,
				A7B8E43220A2B94900B11BAA /* SecondCollectionViewCell.swift */,
				A7D2750F20A3F7030071F5DF /* SecondCollectionViewCell.xib */,
				A7B8E43420A2B95300B11BAA /* ThirdCollectionViewCell.swift */,
				A78A721E20A1DB9500FF9D0B /* RecordButtonDelegate.swift */,
				A78A722120A1DB9600FF9D0B /* RecordingsTableViewCell.swift */,
				A78A721B20A1DB9500FF9D0B /* RecordingsTableViewCell.xib */,
				A78A721F20A1DB9500FF9D0B /* AudioManager.swift */,
				A7058CC720A7F7380060B654 /* DataManager.swift */,
				A7A992E020CADDAA000A49CD /* SCColor.swift */,
				A78A723120A1DC3000FF9D0B /* icons */,
				A78A721D20A1DB9500FF9D0B /* fonts */,
				A78A721020A1DAF700FF9D0B /* Assets.xcassets */,
				A78A721220A1DAF700FF9D0B /* LaunchScreen.storyboard */,
				A78A721520A1DAF700FF9D0B /* Info.plist */,
			);
			path = MusicMemos;
			sourceTree = "<group>";
		};
		A78A723120A1DC3000FF9D0B /* icons */ = {
			isa = PBXGroup;
			children = (
				A78A722F20A1DC1A00FF9D0B /* playBtn.png */,
			);
			path = icons;
			sourceTree = "<group>";
		};
		C74028CD532EBD0D922BBA68 /* Frameworks */ = {
			isa = PBXGroup;
			children = (
				88391A0D05E531F5D44297E6 /* Pods_MusicMemos.framework */,
			);
			name = Frameworks;
			sourceTree = "<group>";
		};
/* End PBXGroup section */

/* Begin PBXNativeTarget section */
		A78A720520A1DAF500FF9D0B /* MusicMemos */ = {
			isa = PBXNativeTarget;
			buildConfigurationList = A78A721820A1DAF700FF9D0B /* Build configuration list for PBXNativeTarget "MusicMemos" */;
			buildPhases = (
				43785FB677DD2B40941487B1 /* [CP] Check Pods Manifest.lock */,
				A78A720220A1DAF500FF9D0B /* Sources */,
				A78A720320A1DAF500FF9D0B /* Frameworks */,
				A78A720420A1DAF500FF9D0B /* Resources */,
				6EF14AEE8B30FE8F98C3BD59 /* [CP] Embed Pods Frameworks */,
				99DA824EB05DFC24D53769BE /* [CP] Copy Pods Resources */,
			);
			buildRules = (
			);
			dependencies = (
			);
			name = MusicMemos;
			productName = MusicMemos;
			productReference = A78A720620A1DAF500FF9D0B /* MusicMemos.app */;
			productType = "com.apple.product-type.application";
		};
/* End PBXNativeTarget section */

/* Begin PBXProject section */
		A78A71FE20A1DAF500FF9D0B /* Project object */ = {
			isa = PBXProject;
			attributes = {
				LastSwiftUpdateCheck = 0930;
				LastUpgradeCheck = 0930;
				ORGANIZATIONNAME = "Perrin Cloutier";
				TargetAttributes = {
					A78A720520A1DAF500FF9D0B = {
						CreatedOnToolsVersion = 9.3;
					};
				};
			};
			buildConfigurationList = A78A720120A1DAF500FF9D0B /* Build configuration list for PBXProject "MusicMemos" */;
			compatibilityVersion = "Xcode 9.3";
			developmentRegion = en;
			hasScannedForEncodings = 0;
			knownRegions = (
				en,
				Base,
			);
			mainGroup = A78A71FD20A1DAF500FF9D0B;
			productRefGroup = A78A720720A1DAF500FF9D0B /* Products */;
			projectDirPath = "";
			projectRoot = "";
			targets = (
				A78A720520A1DAF500FF9D0B /* MusicMemos */,
			);
		};
/* End PBXProject section */

/* Begin PBXResourcesBuildPhase section */
		A78A720420A1DAF500FF9D0B /* Resources */ = {
			isa = PBXResourcesBuildPhase;
			buildActionMask = 2147483647;
			files = (
				A78A721420A1DAF700FF9D0B /* LaunchScreen.storyboard in Resources */,
				A7D2751020A3F7030071F5DF /* SecondCollectionViewCell.xib in Resources */,
				A78A722420A1DB9600FF9D0B /* fonts in Resources */,
				A78A721120A1DAF700FF9D0B /* Assets.xcassets in Resources */,
				A78A720F20A1DAF500FF9D0B /* Main.storyboard in Resources */,
				A78A723020A1DC1A00FF9D0B /* playBtn.png in Resources */,
				A78A722220A1DB9600FF9D0B /* RecordingsTableViewCell.xib in Resources */,
			);
			runOnlyForDeploymentPostprocessing = 0;
		};
/* End PBXResourcesBuildPhase section */

/* Begin PBXShellScriptBuildPhase section */
		43785FB677DD2B40941487B1 /* [CP] Check Pods Manifest.lock */ = {
			isa = PBXShellScriptBuildPhase;
			buildActionMask = 2147483647;
			files = (
			);
			inputPaths = (
				"${PODS_PODFILE_DIR_PATH}/Podfile.lock",
				"${PODS_ROOT}/Manifest.lock",
			);
			name = "[CP] Check Pods Manifest.lock";
			outputPaths = (
				"$(DERIVED_FILE_DIR)/Pods-MusicMemos-checkManifestLockResult.txt",
			);
			runOnlyForDeploymentPostprocessing = 0;
			shellPath = /bin/sh;
			shellScript = "diff \"${PODS_PODFILE_DIR_PATH}/Podfile.lock\" \"${PODS_ROOT}/Manifest.lock\" > /dev/null\nif [ $? != 0 ] ; then\n    # print error to STDERR\n    echo \"error: The sandbox is not in sync with the Podfile.lock. Run 'pod install' or update your CocoaPods installation.\" >&2\n    exit 1\nfi\n# This output is used by Xcode 'outputs' to avoid re-running this script phase.\necho \"SUCCESS\" > \"${SCRIPT_OUTPUT_FILE_0}\"\n";
			showEnvVarsInLog = 0;
		};
		6EF14AEE8B30FE8F98C3BD59 /* [CP] Embed Pods Frameworks */ = {
			isa = PBXShellScriptBuildPhase;
			buildActionMask = 2147483647;
			files = (
			);
			inputPaths = (
				"${SRCROOT}/Pods/Target Support Files/Pods-MusicMemos/Pods-MusicMemos-frameworks.sh",
				"${BUILT_PRODUCTS_DIR}/FDWaveformView/FDWaveformView.framework",
			);
			name = "[CP] Embed Pods Frameworks";
			outputPaths = (
				"${TARGET_BUILD_DIR}/${FRAMEWORKS_FOLDER_PATH}/FDWaveformView.framework",
			);
			runOnlyForDeploymentPostprocessing = 0;
			shellPath = /bin/sh;
			shellScript = "\"${SRCROOT}/Pods/Target Support Files/Pods-MusicMemos/Pods-MusicMemos-frameworks.sh\"\n";
			showEnvVarsInLog = 0;
		};
		99DA824EB05DFC24D53769BE /* [CP] Copy Pods Resources */ = {
			isa = PBXShellScriptBuildPhase;
			buildActionMask = 2147483647;
			files = (
			);
			inputPaths = (
			);
			name = "[CP] Copy Pods Resources";
			outputPaths = (
			);
			runOnlyForDeploymentPostprocessing = 0;
			shellPath = /bin/sh;
			shellScript = "\"${SRCROOT}/Pods/Target Support Files/Pods-MusicMemos/Pods-MusicMemos-resources.sh\"\n";
			showEnvVarsInLog = 0;
		};
/* End PBXShellScriptBuildPhase section */

/* Begin PBXSourcesBuildPhase section */
		A78A720220A1DAF500FF9D0B /* Sources */ = {
			isa = PBXSourcesBuildPhase;
			buildActionMask = 2147483647;
			files = (
				A7B8E43720A2BE1B00B11BAA /* FlowLayout.swift in Sources */,
				A7B8E42F20A2B7F200B11BAA /* ContainerCollectionViewController.swift in Sources */,
				A7B8E43520A2B95300B11BAA /* ThirdCollectionViewCell.swift in Sources */,
				A7B8E43320A2B94900B11BAA /* SecondCollectionViewCell.swift in Sources */,
				A78A722820A1DB9600FF9D0B /* RecordingsTableViewCell.swift in Sources */,
				A7A992E120CADDAA000A49CD /* SCColor.swift in Sources */,
				A78A720A20A1DAF500FF9D0B /* AppDelegate.swift in Sources */,
				A78A722620A1DB9600FF9D0B /* AudioManager.swift in Sources */,
				A7B8E43120A2B93D00B11BAA /* FirstCollectionViewCell.swift in Sources */,
				A7058CC820A7F7380060B654 /* DataManager.swift in Sources */,
				A7D2751220A3FFAA0071F5DF /* MMConstants.swift in Sources */,
				A78A722520A1DB9600FF9D0B /* RecordButtonDelegate.swift in Sources */,
			);
			runOnlyForDeploymentPostprocessing = 0;
		};
/* End PBXSourcesBuildPhase section */

/* Begin PBXVariantGroup section */
		A78A720D20A1DAF500FF9D0B /* Main.storyboard */ = {
			isa = PBXVariantGroup;
			children = (
				A78A720E20A1DAF500FF9D0B /* Base */,
			);
			name = Main.storyboard;
			sourceTree = "<group>";
		};
		A78A721220A1DAF700FF9D0B /* LaunchScreen.storyboard */ = {
			isa = PBXVariantGroup;
			children = (
				A78A721320A1DAF700FF9D0B /* Base */,
			);
			name = LaunchScreen.storyboard;
			sourceTree = "<group>";
		};
/* End PBXVariantGroup section */

/* Begin XCBuildConfiguration section */
		A78A721620A1DAF700FF9D0B /* Debug */ = {
			isa = XCBuildConfiguration;
			buildSettings = {
				ALWAYS_SEARCH_USER_PATHS = NO;
				CLANG_ANALYZER_NONNULL = YES;
				CLANG_ANALYZER_NUMBER_OBJECT_CONVERSION = YES_AGGRESSIVE;
				CLANG_CXX_LANGUAGE_STANDARD = "gnu++14";
				CLANG_CXX_LIBRARY = "libc++";
				CLANG_ENABLE_MODULES = YES;
				CLANG_ENABLE_OBJC_ARC = YES;
				CLANG_ENABLE_OBJC_WEAK = YES;
				CLANG_WARN_BLOCK_CAPTURE_AUTORELEASING = YES;
				CLANG_WARN_BOOL_CONVERSION = YES;
				CLANG_WARN_COMMA = YES;
				CLANG_WARN_CONSTANT_CONVERSION = YES;
				CLANG_WARN_DEPRECATED_OBJC_IMPLEMENTATIONS = YES;
				CLANG_WARN_DIRECT_OBJC_ISA_USAGE = YES_ERROR;
				CLANG_WARN_DOCUMENTATION_COMMENTS = YES;
				CLANG_WARN_EMPTY_BODY = YES;
				CLANG_WARN_ENUM_CONVERSION = YES;
				CLANG_WARN_INFINITE_RECURSION = YES;
				CLANG_WARN_INT_CONVERSION = YES;
				CLANG_WARN_NON_LITERAL_NULL_CONVERSION = YES;
				CLANG_WARN_OBJC_IMPLICIT_RETAIN_SELF = YES;
				CLANG_WARN_OBJC_LITERAL_CONVERSION = YES;
				CLANG_WARN_OBJC_ROOT_CLASS = YES_ERROR;
				CLANG_WARN_RANGE_LOOP_ANALYSIS = YES;
				CLANG_WARN_STRICT_PROTOTYPES = YES;
				CLANG_WARN_SUSPICIOUS_MOVE = YES;
				CLANG_WARN_UNGUARDED_AVAILABILITY = YES_AGGRESSIVE;
				CLANG_WARN_UNREACHABLE_CODE = YES;
				CLANG_WARN__DUPLICATE_METHOD_MATCH = YES;
				CODE_SIGN_IDENTITY = "iPhone Developer";
				COPY_PHASE_STRIP = NO;
				DEBUG_INFORMATION_FORMAT = dwarf;
				ENABLE_STRICT_OBJC_MSGSEND = YES;
				ENABLE_TESTABILITY = YES;
				GCC_C_LANGUAGE_STANDARD = gnu11;
				GCC_DYNAMIC_NO_PIC = NO;
				GCC_NO_COMMON_BLOCKS = YES;
				GCC_OPTIMIZATION_LEVEL = 0;
				GCC_PREPROCESSOR_DEFINITIONS = (
					"DEBUG=1",
					"$(inherited)",
				);
				GCC_WARN_64_TO_32_BIT_CONVERSION = YES;
				GCC_WARN_ABOUT_RETURN_TYPE = YES_ERROR;
				GCC_WARN_UNDECLARED_SELECTOR = YES;
				GCC_WARN_UNINITIALIZED_AUTOS = YES_AGGRESSIVE;
				GCC_WARN_UNUSED_FUNCTION = YES;
				GCC_WARN_UNUSED_VARIABLE = YES;
				IPHONEOS_DEPLOYMENT_TARGET = 11.3;
				MTL_ENABLE_DEBUG_INFO = YES;
				ONLY_ACTIVE_ARCH = YES;
				SDKROOT = iphoneos;
				SWIFT_ACTIVE_COMPILATION_CONDITIONS = DEBUG;
				SWIFT_OPTIMIZATION_LEVEL = "-Onone";
			};
			name = Debug;
		};
		A78A721720A1DAF700FF9D0B /* Release */ = {
			isa = XCBuildConfiguration;
			buildSettings = {
				ALWAYS_SEARCH_USER_PATHS = NO;
				CLANG_ANALYZER_NONNULL = YES;
				CLANG_ANALYZER_NUMBER_OBJECT_CONVERSION = YES_AGGRESSIVE;
				CLANG_CXX_LANGUAGE_STANDARD = "gnu++14";
				CLANG_CXX_LIBRARY = "libc++";
				CLANG_ENABLE_MODULES = YES;
				CLANG_ENABLE_OBJC_ARC = YES;
				CLANG_ENABLE_OBJC_WEAK = YES;
				CLANG_WARN_BLOCK_CAPTURE_AUTORELEASING = YES;
				CLANG_WARN_BOOL_CONVERSION = YES;
				CLANG_WARN_COMMA = YES;
				CLANG_WARN_CONSTANT_CONVERSION = YES;
				CLANG_WARN_DEPRECATED_OBJC_IMPLEMENTATIONS = YES;
				CLANG_WARN_DIRECT_OBJC_ISA_USAGE = YES_ERROR;
				CLANG_WARN_DOCUMENTATION_COMMENTS = YES;
				CLANG_WARN_EMPTY_BODY = YES;
				CLANG_WARN_ENUM_CONVERSION = YES;
				CLANG_WARN_INFINITE_RECURSION = YES;
				CLANG_WARN_INT_CONVERSION = YES;
				CLANG_WARN_NON_LITERAL_NULL_CONVERSION = YES;
				CLANG_WARN_OBJC_IMPLICIT_RETAIN_SELF = YES;
				CLANG_WARN_OBJC_LITERAL_CONVERSION = YES;
				CLANG_WARN_OBJC_ROOT_CLASS = YES_ERROR;
				CLANG_WARN_RANGE_LOOP_ANALYSIS = YES;
				CLANG_WARN_STRICT_PROTOTYPES = YES;
				CLANG_WARN_SUSPICIOUS_MOVE = YES;
				CLANG_WARN_UNGUARDED_AVAILABILITY = YES_AGGRESSIVE;
				CLANG_WARN_UNREACHABLE_CODE = YES;
				CLANG_WARN__DUPLICATE_METHOD_MATCH = YES;
				CODE_SIGN_IDENTITY = "iPhone Developer";
				COPY_PHASE_STRIP = NO;
				DEBUG_INFORMATION_FORMAT = "dwarf-with-dsym";
				ENABLE_NS_ASSERTIONS = NO;
				ENABLE_STRICT_OBJC_MSGSEND = YES;
				GCC_C_LANGUAGE_STANDARD = gnu11;
				GCC_NO_COMMON_BLOCKS = YES;
				GCC_WARN_64_TO_32_BIT_CONVERSION = YES;
				GCC_WARN_ABOUT_RETURN_TYPE = YES_ERROR;
				GCC_WARN_UNDECLARED_SELECTOR = YES;
				GCC_WARN_UNINITIALIZED_AUTOS = YES_AGGRESSIVE;
				GCC_WARN_UNUSED_FUNCTION = YES;
				GCC_WARN_UNUSED_VARIABLE = YES;
				IPHONEOS_DEPLOYMENT_TARGET = 11.3;
				MTL_ENABLE_DEBUG_INFO = NO;
				SDKROOT = iphoneos;
				SWIFT_COMPILATION_MODE = wholemodule;
				SWIFT_OPTIMIZATION_LEVEL = "-O";
				VALIDATE_PRODUCT = YES;
			};
			name = Release;
		};
		A78A721920A1DAF700FF9D0B /* Debug */ = {
			isa = XCBuildConfiguration;
			baseConfigurationReference = A4E4CC8ACDC8272755DDCAA8 /* Pods-MusicMemos.debug.xcconfig */;
			buildSettings = {
				ASSETCATALOG_COMPILER_APPICON_NAME = AppIcon;
				CODE_SIGN_STYLE = Automatic;
				DEVELOPMENT_TEAM = LHVTYN77KH;
				INFOPLIST_FILE = MusicMemos/Info.plist;
				LD_RUNPATH_SEARCH_PATHS = (
					"$(inherited)",
					"@executable_path/Frameworks",
				);
				PRODUCT_BUNDLE_IDENTIFIER = com.ptc.MusicMemos;
				PRODUCT_NAME = "$(TARGET_NAME)";
				SWIFT_VERSION = 4.0;
				TARGETED_DEVICE_FAMILY = "1,2";
			};
			name = Debug;
		};
		A78A721A20A1DAF700FF9D0B /* Release */ = {
			isa = XCBuildConfiguration;
			baseConfigurationReference = A919505C60D6D3D59B8CCE93 /* Pods-MusicMemos.release.xcconfig */;
			buildSettings = {
				ASSETCATALOG_COMPILER_APPICON_NAME = AppIcon;
				CODE_SIGN_STYLE = Automatic;
				DEVELOPMENT_TEAM = LHVTYN77KH;
				INFOPLIST_FILE = MusicMemos/Info.plist;
				LD_RUNPATH_SEARCH_PATHS = (
					"$(inherited)",
					"@executable_path/Frameworks",
				);
				PRODUCT_BUNDLE_IDENTIFIER = com.ptc.MusicMemos;
				PRODUCT_NAME = "$(TARGET_NAME)";
				SWIFT_VERSION = 4.0;
				TARGETED_DEVICE_FAMILY = "1,2";
			};
			name = Release;
		};
/* End XCBuildConfiguration section */

/* Begin XCConfigurationList section */
		A78A720120A1DAF500FF9D0B /* Build configuration list for PBXProject "MusicMemos" */ = {
			isa = XCConfigurationList;
			buildConfigurations = (
				A78A721620A1DAF700FF9D0B /* Debug */,
				A78A721720A1DAF700FF9D0B /* Release */,
			);
			defaultConfigurationIsVisible = 0;
			defaultConfigurationName = Release;
		};
		A78A721820A1DAF700FF9D0B /* Build configuration list for PBXNativeTarget "MusicMemos" */ = {
			isa = XCConfigurationList;
			buildConfigurations = (
				A78A721920A1DAF700FF9D0B /* Debug */,
				A78A721A20A1DAF700FF9D0B /* Release */,
			);
			defaultConfigurationIsVisible = 0;
			defaultConfigurationName = Release;
		};
/* End XCConfigurationList section */
	};
	rootObject = A78A71FE20A1DAF500FF9D0B /* Project object */;
}
